
Microsoft Visual Studio Solution File, Format Version 10.00
# Visual Studio 2008
Project("{8BC9CEB8-8B4A-11D0-8D11-00A0C91BC942}") = "140520", "140520\140520.vcproj", "{7313888D-E576-4047-9E10-F5030047EC88}"
EndProject
Project("{8BC9CEB8-8B4A-11D0-8D11-00A0C91BC942}") = "140522", "140522\140522.vcproj", "{3672DF84-AB5B-4C00-9BD9-86151CB25DD8}"
EndProject
Project("{8BC9CEB8-8B4A-11D0-8D11-00A0C91BC942}") = "0523과제", "0523과제\0523과제.vcproj", "{2E566AC8-89EB-4538-8298-043FD5A3717F}"
EndProject
Project("{8BC9CEB8-8B4A-11D0-8D11-00A0C91BC942}") = "140526", "140526\140526.vcproj", "{3A528E09-E867-47F8-A94C-D3EB67E11B04}"
EndProject
Project("{8BC9CEB8-8B4A-11D0-8D11-00A0C91BC942}") = "0526과제", "0526과제\0526과제.vcproj", "{E90457FC-99B1-4899-96D7-30090477CEE2}"
EndProject
Project("{8BC9CEB8-8B4A-11D0-8D11-00A0C91BC942}") = "140527", "140527\140527.vcproj", "{CB045EC9-B65C-44AF-8CD3-B35BF102330B}"
EndProject
Project("{8BC9CEB8-8B4A-11D0-8D11-00A0C91BC942}") = "0527과제", "0527과제\0527과제.vcproj", "{56C12907-DE0F-44C4-B7D3-00A89AB7D480}"
EndProject
Project("{8BC9CEB8-8B4A-11D0-8D11-00A0C91BC942}") = "140528", "140528\140528.vcproj", "{6B01DFC0-B0DC-4A54-B31E-E8FC24F58A01}"
EndProject
Project("{8BC9CEB8-8B4A-11D0-8D11-00A0C91BC942}") = "140530", "140530\140530.vcproj", "{7CABAB22-50EE-4B7F-AABF-5854E0B42E38}"
EndProject
Project("{8BC9CEB8-8B4A-11D0-8D11-00A0C91BC942}") = "140602", "140602\140602.vcproj", "{C5DA3C84-F423-4E2C-82C3-00289D9919D5}"
EndProject
Project("{8BC9CEB8-8B4A-11D0-8D11-00A0C91BC942}") = "0611과제", "0611과제\0611과제.vcproj", "{0880B327-1FFE-4D44-9DB2-0D6E38DCB22C}"
EndProject
Project("{8BC9CEB8-8B4A-11D0-8D11-00A0C91BC942}") = "140612", "140612\140612.vcproj", "{6FEAB2CD-9D3A-4EF2-B2AD-36F905E6387E}"
EndProject
Project("{8BC9CEB8-8B4A-11D0-8D11-00A0C91BC942}") = "140619", "140619\140619.vcproj", "{81AEAF7B-5FBB-4087-9D61-5AC88FE19C97}"
EndProject
Project("{8BC9CEB8-8B4A-11D0-8D11-00A0C91BC942}") = "0619과제", "0619과제\0619과제.vcproj", "{8606A1C0-03D7-4337-939C-F389377B437F}"
EndProject
Project("{8BC9CEB8-8B4A-11D0-8D11-00A0C91BC942}") = "140624", "140624\140624.vcproj", "{7699B6A2-8320-4BCD-A93E-E99B05F652CD}"
EndProject
Project("{8BC9CEB8-8B4A-11D0-8D11-00A0C91BC942}") = "140625", "140625\140625.vcproj", "{AEA4CDA7-0B04-47BD-AB7A-3F5D143A7D14}"
EndProject
Global
	GlobalSection(SolutionConfigurationPlatforms) = preSolution
		Debug|Win32 = Debug|Win32
		Release|Win32 = Release|Win32
	EndGlobalSection
	GlobalSection(ProjectConfigurationPlatforms) = postSolution
		{7313888D-E576-4047-9E10-F5030047EC88}.Debug|Win32.ActiveCfg = Debug|Win32
		{7313888D-E576-4047-9E10-F5030047EC88}.Debug|Win32.Build.0 = Debug|Win32
		{7313888D-E576-4047-9E10-F5030047EC88}.Release|Win32.ActiveCfg = Release|Win32
		{7313888D-E576-4047-9E10-F5030047EC88}.Release|Win32.Build.0 = Release|Win32
		{3672DF84-AB5B-4C00-9BD9-86151CB25DD8}.Debug|Win32.ActiveCfg = Debug|Win32
		{3672DF84-AB5B-4C00-9BD9-86151CB25DD8}.Debug|Win32.Build.0 = Debug|Win32
		{3672DF84-AB5B-4C00-9BD9-86151CB25DD8}.Release|Win32.ActiveCfg = Release|Win32
		{3672DF84-AB5B-4C00-9BD9-86151CB25DD8}.Release|Win32.Build.0 = Release|Win32
		{2E566AC8-89EB-4538-8298-043FD5A3717F}.Debug|Win32.ActiveCfg = Debug|Win32
		{2E566AC8-89EB-4538-8298-043FD5A3717F}.Debug|Win32.Build.0 = Debug|Win32
		{2E566AC8-89EB-4538-8298-043FD5A3717F}.Release|Win32.ActiveCfg = Release|Win32
		{2E566AC8-89EB-4538-8298-043FD5A3717F}.Release|Win32.Build.0 = Release|Win32
		{3A528E09-E867-47F8-A94C-D3EB67E11B04}.Debug|Win32.ActiveCfg = Debug|Win32
		{3A528E09-E867-47F8-A94C-D3EB67E11B04}.Debug|Win32.Build.0 = Debug|Win32
		{3A528E09-E867-47F8-A94C-D3EB67E11B04}.Release|Win32.ActiveCfg = Release|Win32
		{3A528E09-E867-47F8-A94C-D3EB67E11B04}.Release|Win32.Build.0 = Release|Win32
		{E90457FC-99B1-4899-96D7-30090477CEE2}.Debug|Win32.ActiveCfg = Debug|Win32
		{E90457FC-99B1-4899-96D7-30090477CEE2}.Debug|Win32.Build.0 = Debug|Win32
		{E90457FC-99B1-4899-96D7-30090477CEE2}.Release|Win32.ActiveCfg = Release|Win32
		{E90457FC-99B1-4899-96D7-30090477CEE2}.Release|Win32.Build.0 = Release|Win32
		{CB045EC9-B65C-44AF-8CD3-B35BF102330B}.Debug|Win32.ActiveCfg = Debug|Win32
		{CB045EC9-B65C-44AF-8CD3-B35BF102330B}.Debug|Win32.Build.0 = Debug|Win32
		{CB045EC9-B65C-44AF-8CD3-B35BF102330B}.Release|Win32.ActiveCfg = Release|Win32
		{CB045EC9-B65C-44AF-8CD3-B35BF102330B}.Release|Win32.Build.0 = Release|Win32
		{56C12907-DE0F-44C4-B7D3-00A89AB7D480}.Debug|Win32.ActiveCfg = Debug|Win32
		{56C12907-DE0F-44C4-B7D3-00A89AB7D480}.Debug|Win32.Build.0 = Debug|Win32
		{56C12907-DE0F-44C4-B7D3-00A89AB7D480}.Release|Win32.ActiveCfg = Release|Win32
		{56C12907-DE0F-44C4-B7D3-00A89AB7D480}.Release|Win32.Build.0 = Release|Win32
		{6B01DFC0-B0DC-4A54-B31E-E8FC24F58A01}.Debug|Win32.ActiveCfg = Debug|Win32
		{6B01DFC0-B0DC-4A54-B31E-E8FC24F58A01}.Debug|Win32.Build.0 = Debug|Win32
		{6B01DFC0-B0DC-4A54-B31E-E8FC24F58A01}.Release|Win32.ActiveCfg = Release|Win32
		{6B01DFC0-B0DC-4A54-B31E-E8FC24F58A01}.Release|Win32.Build.0 = Release|Win32
		{7CABAB22-50EE-4B7F-AABF-5854E0B42E38}.Debug|Win32.ActiveCfg = Debug|Win32
		{7CABAB22-50EE-4B7F-AABF-5854E0B42E38}.Debug|Win32.Build.0 = Debug|Win32
		{7CABAB22-50EE-4B7F-AABF-5854E0B42E38}.Release|Win32.ActiveCfg = Release|Win32
		{7CABAB22-50EE-4B7F-AABF-5854E0B42E38}.Release|Win32.Build.0 = Release|Win32
		{C5DA3C84-F423-4E2C-82C3-00289D9919D5}.Debug|Win32.ActiveCfg = Debug|Win32
		{C5DA3C84-F423-4E2C-82C3-00289D9919D5}.Debug|Win32.Build.0 = Debug|Win32
		{C5DA3C84-F423-4E2C-82C3-00289D9919D5}.Release|Win32.ActiveCfg = Release|Win32
		{C5DA3C84-F423-4E2C-82C3-00289D9919D5}.Release|Win32.Build.0 = Release|Win32
		{0880B327-1FFE-4D44-9DB2-0D6E38DCB22C}.Debug|Win32.ActiveCfg = Debug|Win32
		{0880B327-1FFE-4D44-9DB2-0D6E38DCB22C}.Debug|Win32.Build.0 = Debug|Win32
		{0880B327-1FFE-4D44-9DB2-0D6E38DCB22C}.Release|Win32.ActiveCfg = Release|Win32
		{0880B327-1FFE-4D44-9DB2-0D6E38DCB22C}.Release|Win32.Build.0 = Release|Win32
		{6FEAB2CD-9D3A-4EF2-B2AD-36F905E6387E}.Debug|Win32.ActiveCfg = Debug|Win32
		{6FEAB2CD-9D3A-4EF2-B2AD-36F905E6387E}.Debug|Win32.Build.0 = Debug|Win32
		{6FEAB2CD-9D3A-4EF2-B2AD-36F905E6387E}.Release|Win32.ActiveCfg = Release|Win32
		{6FEAB2CD-9D3A-4EF2-B2AD-36F905E6387E}.Release|Win32.Build.0 = Release|Win32
		{81AEAF7B-5FBB-4087-9D61-5AC88FE19C97}.Debug|Win32.ActiveCfg = Debug|Win32
		{81AEAF7B-5FBB-4087-9D61-5AC88FE19C97}.Debug|Win32.Build.0 = Debug|Win32
		{81AEAF7B-5FBB-4087-9D61-5AC88FE19C97}.Release|Win32.ActiveCfg = Release|Win32
		{81AEAF7B-5FBB-4087-9D61-5AC88FE19C97}.Release|Win32.Build.0 = Release|Win32
		{8606A1C0-03D7-4337-939C-F389377B437F}.Debug|Win32.ActiveCfg = Debug|Win32
		{8606A1C0-03D7-4337-939C-F389377B437F}.Debug|Win32.Build.0 = Debug|Win32
		{8606A1C0-03D7-4337-939C-F389377B437F}.Release|Win32.ActiveCfg = Release|Win32
		{8606A1C0-03D7-4337-939C-F389377B437F}.Release|Win32.Build.0 = Release|Win32
		{7699B6A2-8320-4BCD-A93E-E99B05F652CD}.Debug|Win32.ActiveCfg = Debug|Win32
		{7699B6A2-8320-4BCD-A93E-E99B05F652CD}.Debug|Win32.Build.0 = Debug|Win32
		{7699B6A2-8320-4BCD-A93E-E99B05F652CD}.Release|Win32.ActiveCfg = Release|Win32
		{7699B6A2-8320-4BCD-A93E-E99B05F652CD}.Release|Win32.Build.0 = Release|Win32
		{AEA4CDA7-0B04-47BD-AB7A-3F5D143A7D14}.Debug|Win32.ActiveCfg = Debug|Win32
		{AEA4CDA7-0B04-47BD-AB7A-3F5D143A7D14}.Debug|Win32.Build.0 = Debug|Win32
		{AEA4CDA7-0B04-47BD-AB7A-3F5D143A7D14}.Release|Win32.ActiveCfg = Release|Win32
		{AEA4CDA7-0B04-47BD-AB7A-3F5D143A7D14}.Release|Win32.Build.0 = Release|Win32
	EndGlobalSection
	GlobalSection(SolutionProperties) = preSolution
		HideSolutionNode = FALSE
	EndGlobalSection
EndGlobal
